# @generated - this file is auto-generated by `mise lock` https://mise.jdx.dev/dev-tools/mise-lock.html

lockfile_version = 1

[[tools."aqua:EmbarkStudios/cargo-deny"]]
version = "0.20.2"
backend = "aqua:EmbarkStudios/cargo-deny"
specifiers = ["0.20.2"]

[tools."aqua:EmbarkStudios/cargo-deny"."platforms.linux-arm64"]
checksum = "sha256:995c82be0defc7a025cae49a2aa2644ce8245c9a3318fc4103907c6a285e8c7d"
url = "https://github.com/EmbarkStudios/cargo-deny/releases/download/0.20.2/cargo-deny-0.20.2-aarch64-unknown-linux-musl.tar.gz"
url_api = "https://api.github.com/repos/EmbarkStudios/cargo-deny/releases/assets/471598345"

[tools."aqua:EmbarkStudios/cargo-deny"."platforms.linux-x64"]
checksum = "sha256:9f12ed4c49936e09b48bf862b595cde2fe64fcbd9d74dfacac6131ca824c8d5f"
url = "https://github.com/EmbarkStudios/cargo-deny/releases/download/0.20.2/cargo-deny-0.20.2-x86_64-unknown-linux-musl.tar.gz"
url_api = "https://api.github.com/repos/EmbarkStudios/cargo-deny/releases/assets/471598214"

[[tools."aqua:crate-ci/typos"]]
version = "1.50.1"
backend = "aqua:crate-ci/typos"
specifiers = ["1.50.1"]

[tools."aqua:crate-ci/typos"."platforms.linux-arm64"]
checksum = "sha256:a48feb58c517977ca953e634507c72819d64df8717c33ced3e43868d174fd39e"
url = "https://github.com/crate-ci/typos/releases/download/v1.50.1/typos-v1.50.1-aarch64-unknown-linux-musl.tar.gz"
url_api = "https://api.github.com/repos/crate-ci/typos/releases/assets/539857357"

[tools."aqua:crate-ci/typos"."platforms.linux-x64"]
checksum = "sha256:edf0545109aee6a22751d04ddecb97c45be47d3aa0409564fb895eeeace91b1e"
url = "https://github.com/crate-ci/typos/releases/download/v1.50.1/typos-v1.50.1-x86_64-unknown-linux-musl.tar.gz"
url_api = "https://api.github.com/repos/crate-ci/typos/releases/assets/539858793"

[[tools."aqua:watchexec/cargo-watch"]]
version = "8.5.3"
backend = "aqua:watchexec/cargo-watch"
specifiers = ["8.5.3"]

[tools."aqua:watchexec/cargo-watch"."platforms.linux-arm64"]
checksum = "sha512:e1d29699863de701e57568b26e5ff2b2c8c6b93ee7a3a66209228a6ee40c60ea3c2cdd7b3840071b58e18bf4cb022c09ad43b329fab5f4f8a1d196bd4985bc85"
url = "https://github.com/watchexec/cargo-watch/releases/download/v8.5.3/cargo-watch-v8.5.3-aarch64-unknown-linux-gnu.tar.xz"
url_api = "https://api.github.com/repos/watchexec/cargo-watch/releases/assets/196338827"
provenance = "minisign"

[tools."aqua:watchexec/cargo-watch"."platforms.linux-x64"]
checksum = "sha512:2b6e28821aea9642d79f24290b18f58be615ff6b52da5e1536c0ad9a1eda834af713c78183a356273047cd63c43bc6ebcb372bccbecccc1e45246cffbe043320"
url = "https://github.com/watchexec/cargo-watch/releases/download/v8.5.3/cargo-watch-v8.5.3-x86_64-unknown-linux-gnu.tar.xz"
url_api = "https://api.github.com/repos/watchexec/cargo-watch/releases/assets/196338820"

[[tools.python]]
version = "3.14.7"
backend = "core:python"
specifiers = ["3.14"]

[tools.python."platforms.linux-arm64"]
checksum = "sha256:8a0798baa8a2c27b5751d590aced543eaa85e20b3f73d93c1af049688acdc9c5"
url = "https://github.com/astral-sh/python-build-standalone/releases/download/20260901/cpython-3.14.7+20260901-aarch64-unknown-linux-gnu-install_only_stripped.tar.gz"
provenance = "github-attestations"

[tools.python."platforms.linux-x64"]
checksum = "sha256:3959f92825141e04adf44982d3a83ee57af0877e893b0796e04c1468749d9b04"
url = "https://github.com/astral-sh/python-build-standalone/releases/download/20260901/cpython-3.14.7+20260901-x86_64-unknown-linux-gnu-install_only_stripped.tar.gz"
provenance = "github-attestations"

[[tools.rust]]
version = "1.98.1"
backend = "core:rust"
specifiers = ["1.98.1"]

[tools.rust.options]
components = "clippy,rust-analyzer,rustfmt"
